// !$*UTF8*$!
{
	archiveVersion = 1;
	classes = {
	};
	objectVersion = 56;
	objects = {

/* Begin PBXBuildFile section */
		7CE854872C808E6F007B3FC0 /* AppDelegate.swift in Sources */ = {isa = PBXBuildFile; fileRef = 7CE854862C808E6F007B3FC0 /* AppDelegate.swift */; };
		7CE854892C808E6F007B3FC0 /* SceneDelegate.swift in Sources */ = {isa = PBXBuildFile; fileRef = 7CE854882C808E6F007B3FC0 /* SceneDelegate.swift */; };
		7CE8548B2C808E6F007B3FC0 /* ToDoListViewController.swift in Sources */ = {isa = PBXBuildFile; fileRef = 7CE8548A2C808E6F007B3FC0 /* ToDoListViewController.swift */; };
		7CE854912C808E6F007B3FC0 /* ToDoList.xcdatamodeld in Sources */ = {isa = PBXBuildFile; fileRef = 7CE8548F2C808E6F007B3FC0 /* ToDoList.xcdatamodeld */; };
		7CE854932C808E76007B3FC0 /* Assets.xcassets in Resources */ = {isa = PBXBuildFile; fileRef = 7CE854922C808E76007B3FC0 /* Assets.xcassets */; };
		7CE854962C808E76007B3FC0 /* Base in Resources */ = {isa = PBXBuildFile; fileRef = 7CE854952C808E76007B3FC0 /* Base */; };
		7CE8549E2C809003007B3FC0 /* .gitignore in Resources */ = {isa = PBXBuildFile; fileRef = 7CE8549D2C809003007B3FC0 /* .gitignore */; };
		7CE854A62C8092BC007B3FC0 /* ToDoListContainerView.swift in Sources */ = {isa = PBXBuildFile; fileRef = 7CE854A52C8092BC007B3FC0 /* ToDoListContainerView.swift */; };
		7CE854A82C809486007B3FC0 /* ToDoListCollectionViewCell.swift in Sources */ = {isa = PBXBuildFile; fileRef = 7CE854A72C809485007B3FC0 /* ToDoListCollectionViewCell.swift */; };
		7CE854AC2C8094B8007B3FC0 /* LabelsFactory.swift in Sources */ = {isa = PBXBuildFile; fileRef = 7CE854AB2C8094B8007B3FC0 /* LabelsFactory.swift */; };
		7CE854AE2C809628007B3FC0 /* TaskModel.swift in Sources */ = {isa = PBXBuildFile; fileRef = 7CE854AD2C809628007B3FC0 /* TaskModel.swift */; };
		7CE854B02C809732007B3FC0 /* ToDoListPresenter.swift in Sources */ = {isa = PBXBuildFile; fileRef = 7CE854AF2C809732007B3FC0 /* ToDoListPresenter.swift */; };
		7CE854B32C809791007B3FC0 /* ToDoListCollectionViewDataSource.swift in Sources */ = {isa = PBXBuildFile; fileRef = 7CE854B22C809791007B3FC0 /* ToDoListCollectionViewDataSource.swift */; };
		7CE854B52C8099E3007B3FC0 /* ToDoListInteractor.swift in Sources */ = {isa = PBXBuildFile; fileRef = 7CE854B42C8099E3007B3FC0 /* ToDoListInteractor.swift */; };
		7CE854B82C809AD7007B3FC0 /* JsonDecoderWrapper.swift in Sources */ = {isa = PBXBuildFile; fileRef = 7CE854B72C809AD7007B3FC0 /* JsonDecoderWrapper.swift */; };
		7CE854BA2C809B23007B3FC0 /* TasksNetworkService.swift in Sources */ = {isa = PBXBuildFile; fileRef = 7CE854B92C809B23007B3FC0 /* TasksNetworkService.swift */; };
		7CE854BD2C809BA2007B3FC0 /* NetworkErrors.swift in Sources */ = {isa = PBXBuildFile; fileRef = 7CE854BC2C809BA2007B3FC0 /* NetworkErrors.swift */; };
		7CE854BF2C809D10007B3FC0 /* TaskScheme.swift in Sources */ = {isa = PBXBuildFile; fileRef = 7CE854BE2C809D10007B3FC0 /* TaskScheme.swift */; };
		7CE854C52C80A521007B3FC0 /* ToDoListAssembly.swift in Sources */ = {isa = PBXBuildFile; fileRef = 7CE854C42C80A521007B3FC0 /* ToDoListAssembly.swift */; };
		7CE854C72C80A59E007B3FC0 /* ToDoListRouter.swift in Sources */ = {isa = PBXBuildFile; fileRef = 7CE854C62C80A59E007B3FC0 /* ToDoListRouter.swift */; };
		7CE854D32C81DF8A007B3FC0 /* EditTaskViewController.swift in Sources */ = {isa = PBXBuildFile; fileRef = 7CE854D22C81DF8A007B3FC0 /* EditTaskViewController.swift */; };
		7CE854D52C81DFA5007B3FC0 /* EditTaskContainerView.swift in Sources */ = {isa = PBXBuildFile; fileRef = 7CE854D42C81DFA5007B3FC0 /* EditTaskContainerView.swift */; };
		7CE854D82C81E407007B3FC0 /* TaskStorageService.swift in Sources */ = {isa = PBXBuildFile; fileRef = 7CE854D72C81E407007B3FC0 /* TaskStorageService.swift */; };
		7CE854DB2C81E43B007B3FC0 /* CoreDataModel.swift in Sources */ = {isa = PBXBuildFile; fileRef = 7CE854DA2C81E43B007B3FC0 /* CoreDataModel.swift */; };
		7CE854E02C81E76A007B3FC0 /* StorageErrors.swift in Sources */ = {isa = PBXBuildFile; fileRef = 7CE854DF2C81E76A007B3FC0 /* StorageErrors.swift */; };
		7CE854E22C81F0B5007B3FC0 /* EditTaskPresenter.swift in Sources */ = {isa = PBXBuildFile; fileRef = 7CE854E12C81F0B5007B3FC0 /* EditTaskPresenter.swift */; };
		7CE854E42C81F181007B3FC0 /* EditTaskInteractor.swift in Sources */ = {isa = PBXBuildFile; fileRef = 7CE854E32C81F181007B3FC0 /* EditTaskInteractor.swift */; };
		7CE854E62C858402007B3FC0 /* EditTaskAssembly.swift in Sources */ = {isa = PBXBuildFile; fileRef = 7CE854E52C858402007B3FC0 /* EditTaskAssembly.swift */; };
		7CE854E82C85865A007B3FC0 /* EditTaskModel.swift in Sources */ = {isa = PBXBuildFile; fileRef = 7CE854E72C85865A007B3FC0 /* EditTaskModel.swift */; };
		7CE854EC2C85A7FF007B3FC0 /* LaunchManager.swift in Sources */ = {isa = PBXBuildFile; fileRef = 7CE854EB2C85A7FF007B3FC0 /* LaunchManager.swift */; };
/* End PBXBuildFile section */

/* Begin PBXFileReference section */
		7CE854832C808E6F007B3FC0 /* ToDoList.app */ = {isa = PBXFileReference; explicitFileType = wrapper.application; includeInIndex = 0; path = ToDoList.app; sourceTree = BUILT_PRODUCTS_DIR; };
		7CE854862C808E6F007B3FC0 /* AppDelegate.swift */ = {isa = PBXFileReference; lastKnownFileType = sourcecode.swift; path = AppDelegate.swift; sourceTree = "<group>"; };
		7CE854882C808E6F007B3FC0 /* SceneDelegate.swift */ = {isa = PBXFileReference; lastKnownFileType = sourcecode.swift; path = SceneDelegate.swift; sourceTree = "<group>"; };
		7CE8548A2C808E6F007B3FC0 /* ToDoListViewController.swift */ = {isa = PBXFileReference; lastKnownFileType = sourcecode.swift; path = ToDoListViewController.swift; sourceTree = "<group>"; };
		7CE854902C808E6F007B3FC0 /* ToDoList.xcdatamodel */ = {isa = PBXFileReference; lastKnownFileType = wrapper.xcdatamodel; path = ToDoList.xcdatamodel; sourceTree = "<group>"; };
		7CE854922C808E76007B3FC0 /* Assets.xcassets */ = {isa = PBXFileReference; lastKnownFileType = folder.assetcatalog; path = Assets.xcassets; sourceTree = "<group>"; };
		7CE854952C808E76007B3FC0 /* Base */ = {isa = PBXFileReference; lastKnownFileType = file.storyboard; name = Base; path = Base.lproj/LaunchScreen.storyboard; sourceTree = "<group>"; };
		7CE854972C808E76007B3FC0 /* Info.plist */ = {isa = PBXFileReference; lastKnownFileType = text.plist.xml; path = Info.plist; sourceTree = "<group>"; };
		7CE8549D2C809003007B3FC0 /* .gitignore */ = {isa = PBXFileReference; lastKnownFileType = text; path = .gitignore; sourceTree = "<group>"; };
		7CE854A52C8092BC007B3FC0 /* ToDoListContainerView.swift */ = {isa = PBXFileReference; lastKnownFileType = sourcecode.swift; path = ToDoListContainerView.swift; sourceTree = "<group>"; };
		7CE854A72C809485007B3FC0 /* ToDoListCollectionViewCell.swift */ = {isa = PBXFileReference; lastKnownFileType = sourcecode.swift; path = ToDoListCollectionViewCell.swift; sourceTree = "<group>"; };
		7CE854AB2C8094B8007B3FC0 /* LabelsFactory.swift */ = {isa = PBXFileReference; lastKnownFileType = sourcecode.swift; path = LabelsFactory.swift; sourceTree = "<group>"; };
		7CE854AD2C809628007B3FC0 /* TaskModel.swift */ = {isa = PBXFileReference; lastKnownFileType = sourcecode.swift; path = TaskModel.swift; sourceTree = "<group>"; };
		7CE854AF2C809732007B3FC0 /* ToDoListPresenter.swift */ = {isa = PBXFileReference; lastKnownFileType = sourcecode.swift; path = ToDoListPresenter.swift; sourceTree = "<group>"; };
		7CE854B22C809791007B3FC0 /* ToDoListCollectionViewDataSource.swift */ = {isa = PBXFileReference; lastKnownFileType = sourcecode.swift; path = ToDoListCollectionViewDataSource.swift; sourceTree = "<group>"; };
		7CE854B42C8099E3007B3FC0 /* ToDoListInteractor.swift */ = {isa = PBXFileReference; lastKnownFileType = sourcecode.swift; path = ToDoListInteractor.swift; sourceTree = "<group>"; };
		7CE854B72C809AD7007B3FC0 /* JsonDecoderWrapper.swift */ = {isa = PBXFileReference; lastKnownFileType = sourcecode.swift; path = JsonDecoderWrapper.swift; sourceTree = "<group>"; };
		7CE854B92C809B23007B3FC0 /* TasksNetworkService.swift */ = {isa = PBXFileReference; lastKnownFileType = sourcecode.swift; path = TasksNetworkService.swift; sourceTree = "<group>"; };
		7CE854BC2C809BA2007B3FC0 /* NetworkErrors.swift */ = {isa = PBXFileReference; lastKnownFileType = sourcecode.swift; path = NetworkErrors.swift; sourceTree = "<group>"; };
		7CE854BE2C809D10007B3FC0 /* TaskScheme.swift */ = {isa = PBXFileReference; lastKnownFileType = sourcecode.swift; path = TaskScheme.swift; sourceTree = "<group>"; };
		7CE854C42C80A521007B3FC0 /* ToDoListAssembly.swift */ = {isa = PBXFileReference; lastKnownFileType = sourcecode.swift; path = ToDoListAssembly.swift; sourceTree = "<group>"; };
		7CE854C62C80A59E007B3FC0 /* ToDoListRouter.swift */ = {isa = PBXFileReference; lastKnownFileType = sourcecode.swift; path = ToDoListRouter.swift; sourceTree = "<group>"; };
		7CE854D22C81DF8A007B3FC0 /* EditTaskViewController.swift */ = {isa = PBXFileReference; lastKnownFileType = sourcecode.swift; path = EditTaskViewController.swift; sourceTree = "<group>"; };
		7CE854D42C81DFA5007B3FC0 /* EditTaskContainerView.swift */ = {isa = PBXFileReference; lastKnownFileType = sourcecode.swift; path = EditTaskContainerView.swift; sourceTree = "<group>"; };
		7CE854D72C81E407007B3FC0 /* TaskStorageService.swift */ = {isa = PBXFileReference; lastKnownFileType = sourcecode.swift; path = TaskStorageService.swift; sourceTree = "<group>"; };
		7CE854DA2C81E43B007B3FC0 /* CoreDataModel.swift */ = {isa = PBXFileReference; lastKnownFileType = sourcecode.swift; path = CoreDataModel.swift; sourceTree = "<group>"; };
		7CE854DF2C81E76A007B3FC0 /* StorageErrors.swift */ = {isa = PBXFileReference; lastKnownFileType = sourcecode.swift; path = StorageErrors.swift; sourceTree = "<group>"; };
		7CE854E12C81F0B5007B3FC0 /* EditTaskPresenter.swift */ = {isa = PBXFileReference; lastKnownFileType = sourcecode.swift; path = EditTaskPresenter.swift; sourceTree = "<group>"; };
		7CE854E32C81F181007B3FC0 /* EditTaskInteractor.swift */ = {isa = PBXFileReference; lastKnownFileType = sourcecode.swift; path = EditTaskInteractor.swift; sourceTree = "<group>"; };
		7CE854E52C858402007B3FC0 /* EditTaskAssembly.swift */ = {isa = PBXFileReference; lastKnownFileType = sourcecode.swift; path = EditTaskAssembly.swift; sourceTree = "<group>"; };
		7CE854E72C85865A007B3FC0 /* EditTaskModel.swift */ = {isa = PBXFileReference; lastKnownFileType = sourcecode.swift; path = EditTaskModel.swift; sourceTree = "<group>"; };
		7CE854EB2C85A7FF007B3FC0 /* LaunchManager.swift */ = {isa = PBXFileReference; lastKnownFileType = sourcecode.swift; path = LaunchManager.swift; sourceTree = "<group>"; };
/* End PBXFileReference section */

/* Begin PBXFrameworksBuildPhase section */
		7CE854802C808E6F007B3FC0 /* Frameworks */ = {
			isa = PBXFrameworksBuildPhase;
			buildActionMask = 2147483647;
			files = (
			);
			runOnlyForDeploymentPostprocessing = 0;
		};
/* End PBXFrameworksBuildPhase section */

/* Begin PBXGroup section */
		7CE8547A2C808E6F007B3FC0 = {
			isa = PBXGroup;
			children = (
				7CE854F02C85A963007B3FC0 /* Services */,
				7CE854EA2C85A7E9007B3FC0 /* LaunchManager */,
				7CE854CB2C81DEF7007B3FC0 /* EditTaskScreen */,
				7CE854A92C8094A3007B3FC0 /* Factories */,
				7CE8549D2C809003007B3FC0 /* .gitignore */,
				7CE854852C808E6F007B3FC0 /* ToDoList */,
				7CE8549F2C809245007B3FC0 /* ToDoListMainScreen */,
				7CE854842C808E6F007B3FC0 /* Products */,
			);
			sourceTree = "<group>";
		};
		7CE854842C808E6F007B3FC0 /* Products */ = {
			isa = PBXGroup;
			children = (
				7CE854832C808E6F007B3FC0 /* ToDoList.app */,
			);
			name = Products;
			sourceTree = "<group>";
		};
		7CE854852C808E6F007B3FC0 /* ToDoList */ = {
			isa = PBXGroup;
			children = (
				7CE854862C808E6F007B3FC0 /* AppDelegate.swift */,
				7CE854882C808E6F007B3FC0 /* SceneDelegate.swift */,
				7CE854922C808E76007B3FC0 /* Assets.xcassets */,
				7CE854942C808E76007B3FC0 /* LaunchScreen.storyboard */,
				7CE854972C808E76007B3FC0 /* Info.plist */,
			);
			path = ToDoList;
			sourceTree = "<group>";
		};
		7CE8549F2C809245007B3FC0 /* ToDoListMainScreen */ = {
			isa = PBXGroup;
			children = (
				7CE854C32C80A514007B3FC0 /* Assembly */,
				7CE854B12C80977E007B3FC0 /* CollectionViewDataSource */,
				7CE854A42C8092A3007B3FC0 /* Router */,
				7CE854A32C80929E007B3FC0 /* Entity */,
				7CE854A22C809290007B3FC0 /* Interactor */,
				7CE854A12C80928C007B3FC0 /* Presenter */,
				7CE854A02C809286007B3FC0 /* View */,
			);
			path = ToDoListMainScreen;
			sourceTree = "<group>";
		};
		7CE854A02C809286007B3FC0 /* View */ = {
			isa = PBXGroup;
			children = (
				7CE8548A2C808E6F007B3FC0 /* ToDoListViewController.swift */,
				7CE854A52C8092BC007B3FC0 /* ToDoListContainerView.swift */,
				7CE854A72C809485007B3FC0 /* ToDoListCollectionViewCell.swift */,
			);
			path = View;
			sourceTree = "<group>";
		};
		7CE854A12C80928C007B3FC0 /* Presenter */ = {
			isa = PBXGroup;
			children = (
				7CE854AF2C809732007B3FC0 /* ToDoListPresenter.swift */,
			);
			path = Presenter;
			sourceTree = "<group>";
		};
		7CE854A22C809290007B3FC0 /* Interactor */ = {
			isa = PBXGroup;
			children = (
				7CE854B42C8099E3007B3FC0 /* ToDoListInteractor.swift */,
			);
			path = Interactor;
			sourceTree = "<group>";
		};
		7CE854A32C80929E007B3FC0 /* Entity */ = {
			isa = PBXGroup;
			children = (
				7CE854AD2C809628007B3FC0 /* TaskModel.swift */,
				7CE854BE2C809D10007B3FC0 /* TaskScheme.swift */,
			);
			path = Entity;
			sourceTree = "<group>";
		};
		7CE854A42C8092A3007B3FC0 /* Router */ = {
			isa = PBXGroup;
			children = (
				7CE854C62C80A59E007B3FC0 /* ToDoListRouter.swift */,
			);
			path = Router;
			sourceTree = "<group>";
		};
		7CE854A92C8094A3007B3FC0 /* Factories */ = {
			isa = PBXGroup;
			children = (
				7CE854AB2C8094B8007B3FC0 /* LabelsFactory.swift */,
			);
			path = Factories;
			sourceTree = "<group>";
		};
		7CE854B12C80977E007B3FC0 /* CollectionViewDataSource */ = {
			isa = PBXGroup;
			children = (
				7CE854B22C809791007B3FC0 /* ToDoListCollectionViewDataSource.swift */,
			);
			path = CollectionViewDataSource;
			sourceTree = "<group>";
		};
		7CE854B62C809AB0007B3FC0 /* NetworkLayer */ = {
			isa = PBXGroup;
			children = (
				7CE854B72C809AD7007B3FC0 /* JsonDecoderWrapper.swift */,
				7CE854B92C809B23007B3FC0 /* TasksNetworkService.swift */,
				7CE854BC2C809BA2007B3FC0 /* NetworkErrors.swift */,
			);
			path = NetworkLayer;
			sourceTree = "<group>";
		};
		7CE854C32C80A514007B3FC0 /* Assembly */ = {
			isa = PBXGroup;
			children = (
				7CE854C42C80A521007B3FC0 /* ToDoListAssembly.swift */,
			);
			path = Assembly;
			sourceTree = "<group>";
		};
		7CE854CB2C81DEF7007B3FC0 /* EditTaskScreen */ = {
			isa = PBXGroup;
			children = (
				7CE854D12C81DF22007B3FC0 /* Entity */,
				7CE854D02C81DF1B007B3FC0 /* View */,
				7CE854CF2C81DF13007B3FC0 /* Interactor */,
				7CE854CE2C81DF0E007B3FC0 /* Assembly */,
				7CE854CC2C81DF03007B3FC0 /* Presenter */,
			);
			path = EditTaskScreen;
			sourceTree = "<group>";
		};
		7CE854CC2C81DF03007B3FC0 /* Presenter */ = {
			isa = PBXGroup;
			children = (
				7CE854E12C81F0B5007B3FC0 /* EditTaskPresenter.swift */,
			);
			path = Presenter;
			sourceTree = "<group>";
		};
		7CE854CE2C81DF0E007B3FC0 /* Assembly */ = {
			isa = PBXGroup;
			children = (
				7CE854E52C858402007B3FC0 /* EditTaskAssembly.swift */,
			);
			path = Assembly;
			sourceTree = "<group>";
		};
		7CE854CF2C81DF13007B3FC0 /* Interactor */ = {
			isa = PBXGroup;
			children = (
				7CE854E32C81F181007B3FC0 /* EditTaskInteractor.swift */,
			);
			path = Interactor;
			sourceTree = "<group>";
		};
		7CE854D02C81DF1B007B3FC0 /* View */ = {
			isa = PBXGroup;
			children = (
				7CE854D22C81DF8A007B3FC0 /* EditTaskViewController.swift */,
				7CE854D42C81DFA5007B3FC0 /* EditTaskContainerView.swift */,
			);
			path = View;
			sourceTree = "<group>";
		};
		7CE854D12C81DF22007B3FC0 /* Entity */ = {
			isa = PBXGroup;
			children = (
				7CE854E72C85865A007B3FC0 /* EditTaskModel.swift */,
			);
			path = Entity;
			sourceTree = "<group>";
		};
		7CE854D62C81E2CE007B3FC0 /* PersistentStorageLayer */ = {
			isa = PBXGroup;
			children = (
				7CE854DA2C81E43B007B3FC0 /* CoreDataModel.swift */,
				7CE854D72C81E407007B3FC0 /* TaskStorageService.swift */,
				7CE854DF2C81E76A007B3FC0 /* StorageErrors.swift */,
				7CE854DE2C81E63A007B3FC0 /* CoreData */,
			);
			path = PersistentStorageLayer;
			sourceTree = "<group>";
		};
		7CE854DE2C81E63A007B3FC0 /* CoreData */ = {
			isa = PBXGroup;
			children = (
				7CE8548F2C808E6F007B3FC0 /* ToDoList.xcdatamodeld */,
			);
			path = CoreData;
			sourceTree = "<group>";
		};
		7CE854EA2C85A7E9007B3FC0 /* LaunchManager */ = {
			isa = PBXGroup;
			children = (
				7CE854EB2C85A7FF007B3FC0 /* LaunchManager.swift */,
			);
			path = LaunchManager;
			sourceTree = "<group>";
		};
		7CE854F02C85A963007B3FC0 /* Services */ = {
			isa = PBXGroup;
			children = (
				7CE854D62C81E2CE007B3FC0 /* PersistentStorageLayer */,
				7CE854B62C809AB0007B3FC0 /* NetworkLayer */,
			);
			path = Services;
			sourceTree = "<group>";
		};
/* End PBXGroup section */

/* Begin PBXNativeTarget section */
		7CE854822C808E6F007B3FC0 /* ToDoList */ = {
			isa = PBXNativeTarget;
			buildConfigurationList = 7CE8549A2C808E76007B3FC0 /* Build configuration list for PBXNativeTarget "ToDoList" */;
			buildPhases = (
				7CE8547F2C808E6F007B3FC0 /* Sources */,
				7CE854802C808E6F007B3FC0 /* Frameworks */,
				7CE854812C808E6F007B3FC0 /* Resources */,
			);
			buildRules = (
			);
			dependencies = (
			);
			name = ToDoList;
			productName = ToDoList;
			productReference = 7CE854832C808E6F007B3FC0 /* ToDoList.app */;
			productType = "com.apple.product-type.application";
		};
/* End PBXNativeTarget section */

/* Begin PBXProject section */
		7CE8547B2C808E6F007B3FC0 /* Project object */ = {
			isa = PBXProject;
			attributes = {
				BuildIndependentTargetsInParallel = 1;
				LastSwiftUpdateCheck = 1540;
				LastUpgradeCheck = 1540;
				TargetAttributes = {
					7CE854822C808E6F007B3FC0 = {
						CreatedOnToolsVersion = 15.4;
					};
				};
			};
			buildConfigurationList = 7CE8547E2C808E6F007B3FC0 /* Build configuration list for PBXProject "ToDoList" */;
			compatibilityVersion = "Xcode 14.0";
			developmentRegion = en;
			hasScannedForEncodings = 0;
			knownRegions = (
				en,
				Base,
			);
			mainGroup = 7CE8547A2C808E6F007B3FC0;
			productRefGroup = 7CE854842C808E6F007B3FC0 /* Products */;
			projectDirPath = "";
			projectRoot = "";
			targets = (
				7CE854822C808E6F007B3FC0 /* ToDoList */,
			);
		};
/* End PBXProject section */

/* Begin PBXResourcesBuildPhase section */
		7CE854812C808E6F007B3FC0 /* Resources */ = {
			isa = PBXResourcesBuildPhase;
			buildActionMask = 2147483647;
			files = (
				7CE854932C808E76007B3FC0 /* Assets.xcassets in Resources */,
				7CE8549E2C809003007B3FC0 /* .gitignore in Resources */,
				7CE854962C808E76007B3FC0 /* Base in Resources */,
			);
			runOnlyForDeploymentPostprocessing = 0;
		};
/* End PBXResourcesBuildPhase section */

/* Begin PBXSourcesBuildPhase section */
		7CE8547F2C808E6F007B3FC0 /* Sources */ = {
			isa = PBXSourcesBuildPhase;
			buildActionMask = 2147483647;
			files = (
				7CE854AE2C809628007B3FC0 /* TaskModel.swift in Sources */,
				7CE854D32C81DF8A007B3FC0 /* EditTaskViewController.swift in Sources */,
				7CE854C72C80A59E007B3FC0 /* ToDoListRouter.swift in Sources */,
				7CE854B32C809791007B3FC0 /* ToDoListCollectionViewDataSource.swift in Sources */,
				7CE8548B2C808E6F007B3FC0 /* ToDoListViewController.swift in Sources */,
				7CE854E62C858402007B3FC0 /* EditTaskAssembly.swift in Sources */,
				7CE854C52C80A521007B3FC0 /* ToDoListAssembly.swift in Sources */,
				7CE854EC2C85A7FF007B3FC0 /* LaunchManager.swift in Sources */,
				7CE854DB2C81E43B007B3FC0 /* CoreDataModel.swift in Sources */,
				7CE854E82C85865A007B3FC0 /* EditTaskModel.swift in Sources */,
				7CE854BF2C809D10007B3FC0 /* TaskScheme.swift in Sources */,
				7CE854BD2C809BA2007B3FC0 /* NetworkErrors.swift in Sources */,
				7CE854D82C81E407007B3FC0 /* TaskStorageService.swift in Sources */,
				7CE854A62C8092BC007B3FC0 /* ToDoListContainerView.swift in Sources */,
				7CE854D52C81DFA5007B3FC0 /* EditTaskContainerView.swift in Sources */,
				7CE854A82C809486007B3FC0 /* ToDoListCollectionViewCell.swift in Sources */,
				7CE854872C808E6F007B3FC0 /* AppDelegate.swift in Sources */,
				7CE854E02C81E76A007B3FC0 /* StorageErrors.swift in Sources */,
				7CE854892C808E6F007B3FC0 /* SceneDelegate.swift in Sources */,
				7CE854B02C809732007B3FC0 /* ToDoListPresenter.swift in Sources */,
				7CE854B82C809AD7007B3FC0 /* JsonDecoderWrapper.swift in Sources */,
				7CE854AC2C8094B8007B3FC0 /* LabelsFactory.swift in Sources */,
				7CE854BA2C809B23007B3FC0 /* TasksNetworkService.swift in Sources */,
				7CE854B52C8099E3007B3FC0 /* ToDoListInteractor.swift in Sources */,
				7CE854E22C81F0B5007B3FC0 /* EditTaskPresenter.swift in Sources */,
				7CE854912C808E6F007B3FC0 /* ToDoList.xcdatamodeld in Sources */,
				7CE854E42C81F181007B3FC0 /* EditTaskInteractor.swift in Sources */,
			);
			runOnlyForDeploymentPostprocessing = 0;
		};
/* End PBXSourcesBuildPhase section */

/* Begin PBXVariantGroup section */
		7CE854942C808E76007B3FC0 /* LaunchScreen.storyboard */ = {
			isa = PBXVariantGroup;
			children = (
				7CE854952C808E76007B3FC0 /* Base */,
			);
			name = LaunchScreen.storyboard;
			sourceTree = "<group>";
		};
/* End PBXVariantGroup section */

/* Begin XCBuildConfiguration section */
		7CE854982C808E76007B3FC0 /* Debug */ = {
			isa = XCBuildConfiguration;
			buildSettings = {
				ALWAYS_SEARCH_USER_PATHS = NO;
				ASSETCATALOG_COMPILER_GENERATE_SWIFT_ASSET_SYMBOL_EXTENSIONS = YES;
				CLANG_ANALYZER_NONNULL = YES;
				CLANG_ANALYZER_NUMBER_OBJECT_CONVERSION = YES_AGGRESSIVE;
				CLANG_CXX_LANGUAGE_STANDARD = "gnu++20";
				CLANG_ENABLE_MODULES = YES;
				CLANG_ENABLE_OBJC_ARC = YES;
				CLANG_ENABLE_OBJC_WEAK = YES;
				CLANG_WARN_BLOCK_CAPTURE_AUTORELEASING = YES;
				CLANG_WARN_BOOL_CONVERSION = YES;
				CLANG_WARN_COMMA = YES;
				CLANG_WARN_CONSTANT_CONVERSION = YES;
				CLANG_WARN_DEPRECATED_OBJC_IMPLEMENTATIONS = YES;
				CLANG_WARN_DIRECT_OBJC_ISA_USAGE = YES_ERROR;
				CLANG_WARN_DOCUMENTATION_COMMENTS = YES;
				CLANG_WARN_EMPTY_BODY = YES;
				CLANG_WARN_ENUM_CONVERSION = YES;
				CLANG_WARN_INFINITE_RECURSION = YES;
				CLANG_WARN_INT_CONVERSION = YES;
				CLANG_WARN_NON_LITERAL_NULL_CONVERSION = YES;
				CLANG_WARN_OBJC_IMPLICIT_RETAIN_SELF = YES;
				CLANG_WARN_OBJC_LITERAL_CONVERSION = YES;
				CLANG_WARN_OBJC_ROOT_CLASS = YES_ERROR;
				CLANG_WARN_QUOTED_INCLUDE_IN_FRAMEWORK_HEADER = YES;
				CLANG_WARN_RANGE_LOOP_ANALYSIS = YES;
				CLANG_WARN_STRICT_PROTOTYPES = YES;
				CLANG_WARN_SUSPICIOUS_MOVE = YES;
				CLANG_WARN_UNGUARDED_AVAILABILITY = YES_AGGRESSIVE;
				CLANG_WARN_UNREACHABLE_CODE = YES;
				CLANG_WARN__DUPLICATE_METHOD_MATCH = YES;
				COPY_PHASE_STRIP = NO;
				DEBUG_INFORMATION_FORMAT = dwarf;
				ENABLE_STRICT_OBJC_MSGSEND = YES;
				ENABLE_TESTABILITY = YES;
				ENABLE_USER_SCRIPT_SANDBOXING = YES;
				GCC_C_LANGUAGE_STANDARD = gnu17;
				GCC_DYNAMIC_NO_PIC = NO;
				GCC_NO_COMMON_BLOCKS = YES;
				GCC_OPTIMIZATION_LEVEL = 0;
				GCC_PREPROCESSOR_DEFINITIONS = (
					"DEBUG=1",
					"$(inherited)",
				);
				GCC_WARN_64_TO_32_BIT_CONVERSION = YES;
				GCC_WARN_ABOUT_RETURN_TYPE = YES_ERROR;
				GCC_WARN_UNDECLARED_SELECTOR = YES;
				GCC_WARN_UNINITIALIZED_AUTOS = YES_AGGRESSIVE;
				GCC_WARN_UNUSED_FUNCTION = YES;
				GCC_WARN_UNUSED_VARIABLE = YES;
				IPHONEOS_DEPLOYMENT_TARGET = 17.5;
				LOCALIZATION_PREFERS_STRING_CATALOGS = YES;
				MTL_ENABLE_DEBUG_INFO = INCLUDE_SOURCE;
				MTL_FAST_MATH = YES;
				ONLY_ACTIVE_ARCH = YES;
				SDKROOT = iphoneos;
				SWIFT_ACTIVE_COMPILATION_CONDITIONS = "DEBUG $(inherited)";
				SWIFT_OPTIMIZATION_LEVEL = "-Onone";
			};
			name = Debug;
		};
		7CE854992C808E76007B3FC0 /* Release */ = {
			isa = XCBuildConfiguration;
			buildSettings = {
				ALWAYS_SEARCH_USER_PATHS = NO;
				ASSETCATALOG_COMPILER_GENERATE_SWIFT_ASSET_SYMBOL_EXTENSIONS = YES;
				CLANG_ANALYZER_NONNULL = YES;
				CLANG_ANALYZER_NUMBER_OBJECT_CONVERSION = YES_AGGRESSIVE;
				CLANG_CXX_LANGUAGE_STANDARD = "gnu++20";
				CLANG_ENABLE_MODULES = YES;
				CLANG_ENABLE_OBJC_ARC = YES;
				CLANG_ENABLE_OBJC_WEAK = YES;
				CLANG_WARN_BLOCK_CAPTURE_AUTORELEASING = YES;
				CLANG_WARN_BOOL_CONVERSION = YES;
				CLANG_WARN_COMMA = YES;
				CLANG_WARN_CONSTANT_CONVERSION = YES;
				CLANG_WARN_DEPRECATED_OBJC_IMPLEMENTATIONS = YES;
				CLANG_WARN_DIRECT_OBJC_ISA_USAGE = YES_ERROR;
				CLANG_WARN_DOCUMENTATION_COMMENTS = YES;
				CLANG_WARN_EMPTY_BODY = YES;
				CLANG_WARN_ENUM_CONVERSION = YES;
				CLANG_WARN_INFINITE_RECURSION = YES;
				CLANG_WARN_INT_CONVERSION = YES;
				CLANG_WARN_NON_LITERAL_NULL_CONVERSION = YES;
				CLANG_WARN_OBJC_IMPLICIT_RETAIN_SELF = YES;
				CLANG_WARN_OBJC_LITERAL_CONVERSION = YES;
				CLANG_WARN_OBJC_ROOT_CLASS = YES_ERROR;
				CLANG_WARN_QUOTED_INCLUDE_IN_FRAMEWORK_HEADER = YES;
				CLANG_WARN_RANGE_LOOP_ANALYSIS = YES;
				CLANG_WARN_STRICT_PROTOTYPES = YES;
				CLANG_WARN_SUSPICIOUS_MOVE = YES;
				CLANG_WARN_UNGUARDED_AVAILABILITY = YES_AGGRESSIVE;
				CLANG_WARN_UNREACHABLE_CODE = YES;
				CLANG_WARN__DUPLICATE_METHOD_MATCH = YES;
				COPY_PHASE_STRIP = NO;
				DEBUG_INFORMATION_FORMAT = "dwarf-with-dsym";
				ENABLE_NS_ASSERTIONS = NO;
				ENABLE_STRICT_OBJC_MSGSEND = YES;
				ENABLE_USER_SCRIPT_SANDBOXING = YES;
				GCC_C_LANGUAGE_STANDARD = gnu17;
				GCC_NO_COMMON_BLOCKS = YES;
				GCC_WARN_64_TO_32_BIT_CONVERSION = YES;
				GCC_WARN_ABOUT_RETURN_TYPE = YES_ERROR;
				GCC_WARN_UNDECLARED_SELECTOR = YES;
				GCC_WARN_UNINITIALIZED_AUTOS = YES_AGGRESSIVE;
				GCC_WARN_UNUSED_FUNCTION = YES;
				GCC_WARN_UNUSED_VARIABLE = YES;
				IPHONEOS_DEPLOYMENT_TARGET = 17.5;
				LOCALIZATION_PREFERS_STRING_CATALOGS = YES;
				MTL_ENABLE_DEBUG_INFO = NO;
				MTL_FAST_MATH = YES;
				SDKROOT = iphoneos;
				SWIFT_COMPILATION_MODE = wholemodule;
				VALIDATE_PRODUCT = YES;
			};
			name = Release;
		};
		7CE8549B2C808E76007B3FC0 /* Debug */ = {
			isa = XCBuildConfiguration;
			buildSettings = {
				ASSETCATALOG_COMPILER_APPICON_NAME = AppIcon;
				ASSETCATALOG_COMPILER_GLOBAL_ACCENT_COLOR_NAME = AccentColor;
				CODE_SIGN_STYLE = Automatic;
				CURRENT_PROJECT_VERSION = 1;
				DEVELOPMENT_TEAM = 243GUG75DN;
				GENERATE_INFOPLIST_FILE = YES;
				INFOPLIST_FILE = ToDoList/Info.plist;
				INFOPLIST_KEY_UIApplicationSupportsIndirectInputEvents = YES;
				INFOPLIST_KEY_UILaunchStoryboardName = LaunchScreen;
				INFOPLIST_KEY_UISupportedInterfaceOrientations = UIInterfaceOrientationPortrait;
				INFOPLIST_KEY_UISupportedInterfaceOrientations_iPad = "UIInterfaceOrientationLandscapeLeft UIInterfaceOrientationLandscapeRight UIInterfaceOrientationPortrait UIInterfaceOrientationPortraitUpsideDown";
				LD_RUNPATH_SEARCH_PATHS = (
					"$(inherited)",
					"@executable_path/Frameworks",
				);
				MARKETING_VERSION = 1.0;
				PRODUCT_BUNDLE_IDENTIFIER = Sasha.ToDoList;
				PRODUCT_NAME = "$(TARGET_NAME)";
				SUPPORTED_PLATFORMS = "iphoneos iphonesimulator";
				SUPPORTS_MACCATALYST = NO;
				SUPPORTS_MAC_DESIGNED_FOR_IPHONE_IPAD = NO;
				SUPPORTS_XR_DESIGNED_FOR_IPHONE_IPAD = NO;
				SWIFT_EMIT_LOC_STRINGS = YES;
				SWIFT_VERSION = 5.0;
				TARGETED_DEVICE_FAMILY = 1;
			};
			name = Debug;
		};
		7CE8549C2C808E76007B3FC0 /* Release */ = {
			isa = XCBuildConfiguration;
			buildSettings = {
				ASSETCATALOG_COMPILER_APPICON_NAME = AppIcon;
				ASSETCATALOG_COMPILER_GLOBAL_ACCENT_COLOR_NAME = AccentColor;
				CODE_SIGN_STYLE = Automatic;
				CURRENT_PROJECT_VERSION = 1;
				DEVELOPMENT_TEAM = 243GUG75DN;
				GENERATE_INFOPLIST_FILE = YES;
				INFOPLIST_FILE = ToDoList/Info.plist;
				INFOPLIST_KEY_UIApplicationSupportsIndirectInputEvents = YES;
				INFOPLIST_KEY_UILaunchStoryboardName = LaunchScreen;
				INFOPLIST_KEY_UISupportedInterfaceOrientations = UIInterfaceOrientationPortrait;
				INFOPLIST_KEY_UISupportedInterfaceOrientations_iPad = "UIInterfaceOrientationLandscapeLeft UIInterfaceOrientationLandscapeRight UIInterfaceOrientationPortrait UIInterfaceOrientationPortraitUpsideDown";
				LD_RUNPATH_SEARCH_PATHS = (
					"$(inherited)",
					"@executable_path/Frameworks",
				);
				MARKETING_VERSION = 1.0;
				PRODUCT_BUNDLE_IDENTIFIER = Sasha.ToDoList;
				PRODUCT_NAME = "$(TARGET_NAME)";
				SUPPORTED_PLATFORMS = "iphoneos iphonesimulator";
				SUPPORTS_MACCATALYST = NO;
				SUPPORTS_MAC_DESIGNED_FOR_IPHONE_IPAD = NO;
				SUPPORTS_XR_DESIGNED_FOR_IPHONE_IPAD = NO;
				SWIFT_EMIT_LOC_STRINGS = YES;
				SWIFT_VERSION = 5.0;
				TARGETED_DEVICE_FAMILY = 1;
			};
			name = Release;
		};
/* End XCBuildConfiguration section */

/* Begin XCConfigurationList section */
		7CE8547E2C808E6F007B3FC0 /* Build configuration list for PBXProject "ToDoList" */ = {
			isa = XCConfigurationList;
			buildConfigurations = (
				7CE854982C808E76007B3FC0 /* Debug */,
				7CE854992C808E76007B3FC0 /* Release */,
			);
			defaultConfigurationIsVisible = 0;
			defaultConfigurationName = Release;
		};
		7CE8549A2C808E76007B3FC0 /* Build configuration list for PBXNativeTarget "ToDoList" */ = {
			isa = XCConfigurationList;
			buildConfigurations = (
				7CE8549B2C808E76007B3FC0 /* Debug */,
				7CE8549C2C808E76007B3FC0 /* Release */,
			);
			defaultConfigurationIsVisible = 0;
			defaultConfigurationName = Release;
		};
/* End XCConfigurationList section */

/* Begin XCVersionGroup section */
		7CE8548F2C808E6F007B3FC0 /* ToDoList.xcdatamodeld */ = {
			isa = XCVersionGroup;
			children = (
				7CE854902C808E6F007B3FC0 /* ToDoList.xcdatamodel */,
			);
			currentVersion = 7CE854902C808E6F007B3FC0 /* ToDoList.xcdatamodel */;
			path = ToDoList.xcdatamodeld;
			sourceTree = "<group>";
			versionGroupType = wrapper.xcdatamodel;
		};
/* End XCVersionGroup section */
	};
	rootObject = 7CE8547B2C808E6F007B3FC0 /* Project object */;
}
